{
  "lockfile_version": "1",
  "packages": {
    "act@latest": {
      "last_modified": "2024-05-29T10:04:41Z",
      "resolved": "github:NixOS/nixpkgs/ac82a513e55582291805d6f09d35b6d8b60637a1#act",
      "source": "devbox-search",
      "version": "0.2.62",
      "systems": {
        "aarch64-darwin": {
          "outputs": [
            {
              "name": "out",
              "path": "/nix/store/anliky2rlgzcicrhn1yyv9q4nkz7p8wp-act-0.2.62",
              "default": true
            }
          ],
          "store_path": "/nix/store/anliky2rlgzcicrhn1yyv9q4nkz7p8wp-act-0.2.62"
        },
        "aarch64-linux": {
          "outputs": [
            {
              "name": "out",
              "path": "/nix/store/jz4lqgv3amm5vg2kd9qxcw43vzrbcnxv-act-0.2.62",
              "default": true
            }
          ],
          "store_path": "/nix/store/jz4lqgv3amm5vg2kd9qxcw43vzrbcnxv-act-0.2.62"
        },
        "x86_64-darwin": {
          "outputs": [
            {
              "name": "out",
              "path": "/nix/store/g4zs1xipwgxx1prvi7bpvymibhiq4cm5-act-0.2.62",
              "default": true
            }
          ],
          "store_path": "/nix/store/g4zs1xipwgxx1prvi7bpvymibhiq4cm5-act-0.2.62"
        },
        "x86_64-linux": {
          "outputs": [
            {
              "name": "out",
              "path": "/nix/store/xl5x5p5axgrqr9h6p2a3idpmcgmj9407-act-0.2.62",
              "default": true
            }
          ],
          "store_path": "/nix/store/xl5x5p5axgrqr9h6p2a3idpmcgmj9407-act-0.2.62"
        }
      }
    },
    "actionlint@1.7.1": {
      "last_modified": "2024-05-29T18:25:13Z",
      "resolved": "github:NixOS/nixpkgs/f7a63cf975cc66559d5f488ffe6367c987a79826#actionlint",
      "source": "devbox-search",
      "version": "1.7.1",
      "systems": {
        "aarch64-darwin": {
          "outputs": [
            {
              "name": "out",
              "path": "/nix/store/04x5bylwlkyh8bj0qz5w9qdvhdwcgfkp-actionlint-1.7.1",
              "default": true
            }
          ],
          "store_path": "/nix/store/04x5bylwlkyh8bj0qz5w9qdvhdwcgfkp-actionlint-1.7.1"
        },
        "aarch64-linux": {
          "outputs": [
            {
              "name": "out",
              "path": "/nix/store/prc9nslsi3j574ff3n5fsqhp0lbl3k5a-actionlint-1.7.1",
              "default": true
            }
          ],
          "store_path": "/nix/store/prc9nslsi3j574ff3n5fsqhp0lbl3k5a-actionlint-1.7.1"
        },
        "x86_64-darwin": {
          "outputs": [
            {
              "name": "out",
              "path": "/nix/store/vh08g8rz4h1545yzg2vf4mikbi3w77wm-actionlint-1.7.1",
              "default": true
            }
          ],
          "store_path": "/nix/store/vh08g8rz4h1545yzg2vf4mikbi3w77wm-actionlint-1.7.1"
        },
        "x86_64-linux": {
          "outputs": [
            {
              "name": "out",
              "path": "/nix/store/8y9djdrxa2drp19vk0kb4n9c10i6d9y2-actionlint-1.7.1",
              "default": true
            }
          ],
          "store_path": "/nix/store/8y9djdrxa2drp19vk0kb4n9c10i6d9y2-actionlint-1.7.1"
        }
      }
    },
    "bosh-cli@7.3.1": {
      "last_modified": "2023-08-22T06:04:29Z",
      "resolved": "github:NixOS/nixpkgs/9d757ec498666cc1dcc6f2be26db4fd3e1e9ab37#bosh-cli",
      "source": "devbox-search",
      "version": "7.3.1",
      "systems": {
        "aarch64-darwin": {
          "outputs": [
            {
              "name": "out",
              "path": "/nix/store/qknp5ly60n24vnschjsqj7xddnbw2law-bosh-cli-7.3.1",
              "default": true
            }
          ],
          "store_path": "/nix/store/qknp5ly60n24vnschjsqj7xddnbw2law-bosh-cli-7.3.1"
        },
        "aarch64-linux": {
          "outputs": [
            {
              "name": "out",
              "path": "/nix/store/64nwkd5lk1370a0n5jw6xz35gbc97zws-bosh-cli-7.3.1",
              "default": true
            }
          ],
          "store_path": "/nix/store/64nwkd5lk1370a0n5jw6xz35gbc97zws-bosh-cli-7.3.1"
        },
        "x86_64-darwin": {
          "outputs": [
            {
              "name": "out",
              "path": "/nix/store/1zk21pgb266m9c6gd8sxxd8kj34idyfl-bosh-cli-7.3.1",
              "default": true
            }
          ],
          "store_path": "/nix/store/1zk21pgb266m9c6gd8sxxd8kj34idyfl-bosh-cli-7.3.1"
        },
        "x86_64-linux": {
          "outputs": [
            {
              "name": "out",
              "path": "/nix/store/y8hglq4jc9hnr1aaisbrij2f9ldf25kq-bosh-cli-7.3.1",
              "default": true
            }
          ],
          "store_path": "/nix/store/y8hglq4jc9hnr1aaisbrij2f9ldf25kq-bosh-cli-7.3.1"
        }
      }
    },
    "bundix@latest": {
      "last_modified": "2024-05-13T18:06:16Z",
      "resolved": "github:NixOS/nixpkgs/1daef0114a6074be56586f2cf81898ed142e1e44#bundix",
      "source": "devbox-search",
      "version": "2.5.2",
      "systems": {
        "aarch64-darwin": {
          "outputs": [
            {
              "name": "out",
              "path": "/nix/store/z6i8bpx563s6vk4n41n3bs5zwxc547yh-bundix-2.5.2",
              "default": true
            }
          ],
          "store_path": "/nix/store/z6i8bpx563s6vk4n41n3bs5zwxc547yh-bundix-2.5.2"
        },
        "aarch64-linux": {
          "outputs": [
            {
              "name": "out",
              "path": "/nix/store/5nx02x3njcypwcq71kqfri1i6p8dldag-bundix-2.5.2",
              "default": true
            }
          ],
          "store_path": "/nix/store/5nx02x3njcypwcq71kqfri1i6p8dldag-bundix-2.5.2"
        },
        "x86_64-darwin": {
          "outputs": [
            {
              "name": "out",
              "path": "/nix/store/nprjv4nqk72g8sc0yngjw28f31qbs1m3-bundix-2.5.2",
              "default": true
            }
          ],
          "store_path": "/nix/store/nprjv4nqk72g8sc0yngjw28f31qbs1m3-bundix-2.5.2"
        },
        "x86_64-linux": {
          "outputs": [
            {
              "name": "out",
              "path": "/nix/store/ygc5d4xay2hm8d2lrlxy01lgzfxhlzag-bundix-2.5.2",
              "default": true
            }
          ],
          "store_path": "/nix/store/ygc5d4xay2hm8d2lrlxy01lgzfxhlzag-bundix-2.5.2"
        }
      }
    },
    "cloudfoundry-cli@8.7.10": {
      "last_modified": "2024-04-19T17:36:04-04:00",
      "resolved": "github:NixOS/nixpkgs/92d295f588631b0db2da509f381b4fb1e74173c5#cloudfoundry-cli",
      "source": "devbox-search",
      "version": "8.7.10",
      "systems": {
        "aarch64-darwin": {
          "outputs": [
            {
              "name": "out",
              "path": "/nix/store/1aigw2nm7is18821nqxpx2ml090ir97j-cloudfoundry-cli-8.7.10",
              "default": true
            }
          ],
          "store_path": "/nix/store/1aigw2nm7is18821nqxpx2ml090ir97j-cloudfoundry-cli-8.7.10"
        },
        "aarch64-linux": {
          "outputs": [
            {
              "name": "out",
              "path": "/nix/store/dy0559nm61x9n1kanibppr1kzrwkbvxc-cloudfoundry-cli-8.7.10",
              "default": true
            }
          ],
          "store_path": "/nix/store/dy0559nm61x9n1kanibppr1kzrwkbvxc-cloudfoundry-cli-8.7.10"
        },
        "x86_64-darwin": {
          "outputs": [
            {
              "name": "out",
              "path": "/nix/store/y5wk93kiyank5np7cxfgndp4jhlgnk1d-cloudfoundry-cli-8.7.10",
              "default": true
            }
          ],
          "store_path": "/nix/store/y5wk93kiyank5np7cxfgndp4jhlgnk1d-cloudfoundry-cli-8.7.10"
        },
        "x86_64-linux": {
          "outputs": [
            {
              "name": "out",
              "path": "/nix/store/y80g7qab72ym96bn766x6rpx58bsd9g7-cloudfoundry-cli-8.7.10",
              "default": true
            }
          ],
          "store_path": "/nix/store/y80g7qab72ym96bn766x6rpx58bsd9g7-cloudfoundry-cli-8.7.10"
        }
      }
    },
    "credhub-cli@2.9.29": {
      "last_modified": "2024-05-12T16:19:40Z",
      "resolved": "github:NixOS/nixpkgs/3281bec7174f679eabf584591e75979a258d8c40#credhub-cli",
      "source": "devbox-search",
      "version": "2.9.29",
      "systems": {
        "aarch64-darwin": {
          "outputs": [
            {
              "name": "out",
              "path": "/nix/store/nmp6m8m0yf3fhm64c0w0mb5k0gwp329w-credhub-cli-2.9.29",
              "default": true
            }
          ],
          "store_path": "/nix/store/nmp6m8m0yf3fhm64c0w0mb5k0gwp329w-credhub-cli-2.9.29"
        },
        "aarch64-linux": {
          "outputs": [
            {
              "name": "out",
              "path": "/nix/store/8ppsf1ghqdlpqjhsnm7sp1s6j8lfyavf-credhub-cli-2.9.29",
              "default": true
            }
          ],
          "store_path": "/nix/store/8ppsf1ghqdlpqjhsnm7sp1s6j8lfyavf-credhub-cli-2.9.29"
        },
        "x86_64-darwin": {
          "outputs": [
            {
              "name": "out",
              "path": "/nix/store/sb7qgq8c1xdcnfizzc6z89h695ddc672-credhub-cli-2.9.29",
              "default": true
            }
          ],
          "store_path": "/nix/store/sb7qgq8c1xdcnfizzc6z89h695ddc672-credhub-cli-2.9.29"
        },
        "x86_64-linux": {
          "outputs": [
            {
              "name": "out",
              "path": "/nix/store/s7k85s4x2c3n5asvccbrjr56449mdlw8-credhub-cli-2.9.29",
              "default": true
            }
          ],
          "store_path": "/nix/store/s7k85s4x2c3n5asvccbrjr56449mdlw8-credhub-cli-2.9.29"
        }
      }
    },
    "delve@latest": {
      "last_modified": "2024-02-24T23:06:34Z",
      "resolved": "github:NixOS/nixpkgs/9a9dae8f6319600fa9aebde37f340975cab4b8c0#delve",
      "source": "devbox-search",
      "version": "1.22.1",
      "systems": {
        "aarch64-darwin": {
          "store_path": "/nix/store/ll01c177yyphhw32rpfw8v11vbm1rhf7-delve-1.22.1"
        },
        "aarch64-linux": {
          "store_path": "/nix/store/5njigh11h33wq57qass6a0lb91fjwmnb-delve-1.22.1"
        },
        "x86_64-darwin": {
          "store_path": "/nix/store/zbzlc5nkyp4mad0cm2gy8ys1jm3qqafa-delve-1.22.1"
        },
        "x86_64-linux": {
          "store_path": "/nix/store/8nh4mcw7gql6xk3pxp538hi1ndsa51y1-delve-1.22.1"
        }
      }
    },
    "direnv@2.34.0": {
      "last_modified": "2024-03-08T13:51:52Z",
      "resolved": "github:NixOS/nixpkgs/a343533bccc62400e8a9560423486a3b6c11a23b#direnv",
      "source": "devbox-search",
      "version": "2.34.0",
      "systems": {
        "aarch64-darwin": {
          "store_path": "/nix/store/4bqjfmrf3w2q1aqjmmcq0c012gavc7ci-direnv-2.34.0"
        },
        "aarch64-linux": {
          "store_path": "/nix/store/yj744ay9rf1nf2wj09sdi64nnvdv4n7r-direnv-2.34.0"
        },
        "x86_64-darwin": {
          "store_path": "/nix/store/ncwb752y0avqkb8kpx7xn5xw8zs0aryg-direnv-2.34.0"
        },
        "x86_64-linux": {
          "store_path": "/nix/store/3bmgmpaqm8p34hi6xb1y4fisf5n0pbbh-direnv-2.34.0"
        }
      }
    },
    "fly@7.10.0": {
      "last_modified": "2023-10-25T16:49:13-04:00",
      "resolved": "github:NixOS/nixpkgs/75a52265bda7fd25e06e3a67dee3f0354e73243c#fly",
      "source": "devbox-search",
      "version": "7.10.0",
      "systems": {
        "aarch64-darwin": {
          "outputs": [
            {
              "name": "out",
              "path": "/nix/store/8izh5mrp88vpv2p22r5djhg1l3yijcir-fly-7.10.0",
              "default": true
            }
          ],
          "store_path": "/nix/store/8izh5mrp88vpv2p22r5djhg1l3yijcir-fly-7.10.0"
        },
        "aarch64-linux": {
          "outputs": [
            {
              "name": "out",
              "path": "/nix/store/bjhdz4zxq77av8rlvg32agpd8aixh7bh-fly-7.10.0",
              "default": true
            }
          ],
          "store_path": "/nix/store/bjhdz4zxq77av8rlvg32agpd8aixh7bh-fly-7.10.0"
        },
        "x86_64-darwin": {
          "outputs": [
            {
              "name": "out",
              "path": "/nix/store/60jgzhcj2s4rchrmqc479gi46fkydjyc-fly-7.10.0",
              "default": true
            }
          ],
          "store_path": "/nix/store/60jgzhcj2s4rchrmqc479gi46fkydjyc-fly-7.10.0"
        },
        "x86_64-linux": {
          "outputs": [
            {
              "name": "out",
              "path": "/nix/store/ddyvlw35d8skg4r7gv732g19ch7bwrh0-fly-7.10.0",
              "default": true
            }
          ],
          "store_path": "/nix/store/ddyvlw35d8skg4r7gv732g19ch7bwrh0-fly-7.10.0"
        }
      }
    },
    "gh@latest": {
      "last_modified": "2024-03-06T17:57:40Z",
      "resolved": "github:NixOS/nixpkgs/58ae79ea707579c40102ddf62d84b902a987c58b#gh",
      "source": "devbox-search",
      "version": "2.45.0",
      "systems": {
        "aarch64-darwin": {
          "store_path": "/nix/store/n5hz2hmaxy8mr4qs91pvqwzbdza53bck-gh-2.45.0"
        },
        "aarch64-linux": {
          "store_path": "/nix/store/8321g2vjajybabcvl9kyjklknx7bl7qp-gh-2.45.0"
        },
        "x86_64-darwin": {
          "store_path": "/nix/store/7mbb381r18qa1lp9yhrakigypnvvcxd1-gh-2.45.0"
        },
        "x86_64-linux": {
          "store_path": "/nix/store/yrlmd02lfgzz3f5g2n3s8ink2f72y6j1-gh-2.45.0"
        }
      }
    },
    "ginkgo@2.19.0": {
      "last_modified": "2024-05-29T10:04:41Z",
      "resolved": "github:NixOS/nixpkgs/ac82a513e55582291805d6f09d35b6d8b60637a1#ginkgo",
      "source": "devbox-search",
      "version": "2.19.0",
      "systems": {
        "aarch64-darwin": {
          "outputs": [
            {
              "name": "out",
              "path": "/nix/store/i6ic1hfkrnccaahf87zirrvhaqafkbpj-ginkgo-2.19.0",
              "default": true
            }
          ],
          "store_path": "/nix/store/i6ic1hfkrnccaahf87zirrvhaqafkbpj-ginkgo-2.19.0"
        },
        "aarch64-linux": {
          "outputs": [
            {
              "name": "out",
              "path": "/nix/store/rvds7fvg6drqrbf8wl86yjq78abi40i0-ginkgo-2.19.0",
              "default": true
            }
          ],
          "store_path": "/nix/store/rvds7fvg6drqrbf8wl86yjq78abi40i0-ginkgo-2.19.0"
        },
        "x86_64-darwin": {
          "outputs": [
            {
              "name": "out",
              "path": "/nix/store/mxywmkg46h6wj5p5811zpdlkrng74nps-ginkgo-2.19.0",
              "default": true
            }
          ],
          "store_path": "/nix/store/mxywmkg46h6wj5p5811zpdlkrng74nps-ginkgo-2.19.0"
        },
        "x86_64-linux": {
          "outputs": [
            {
              "name": "out",
              "path": "/nix/store/6gjxwi4ygxlr98mn4qy629yicdrfp1vw-ginkgo-2.19.0",
              "default": true
            }
          ],
          "store_path": "/nix/store/6gjxwi4ygxlr98mn4qy629yicdrfp1vw-ginkgo-2.19.0"
        }
      }
    },
    "gnumake@4.4": {
      "last_modified": "2024-03-18T12:38:16Z",
      "resolved": "github:NixOS/nixpkgs/e367f7a1fb93137af22a3908f00b9a35e2d286a7#gnumake",
      "source": "devbox-search",
      "version": "4.4.1",
      "systems": {
        "aarch64-darwin": {
          "store_path": "/nix/store/b4jbbx01f3n4r97g49jnxw3clf4p1szv-gnumake-4.4.1"
        },
        "aarch64-linux": {
          "store_path": "/nix/store/hfyyfn6h7cw2fvdc0jmpfigwi3rp7d2x-gnumake-4.4.1"
        },
        "x86_64-darwin": {
          "store_path": "/nix/store/ry772inn49ra4vmns2vg67bjpqv29j0k-gnumake-4.4.1"
        },
        "x86_64-linux": {
          "store_path": "/nix/store/0pkbh7939p7npr02ayama32pa389m5p7-gnumake-4.4.1"
        }
      }
    },
    "go-tools@latest": {
      "last_modified": "2024-02-24T23:06:34Z",
      "resolved": "github:NixOS/nixpkgs/9a9dae8f6319600fa9aebde37f340975cab4b8c0#go-tools",
      "source": "devbox-search",
      "version": "2023.1.7",
      "systems": {
        "aarch64-darwin": {
          "store_path": "/nix/store/rl80in8hbi1rhz9ih6shyy8faxk0mmz8-go-tools-2023.1.7"
        },
        "aarch64-linux": {
          "store_path": "/nix/store/82cwimrkpyjhqx7wfnilr46a2nlqjana-go-tools-2023.1.7"
        },
        "x86_64-darwin": {
          "store_path": "/nix/store/z7y51ka323njb7xjza1lkj75bs8v2prx-go-tools-2023.1.7"
        },
        "x86_64-linux": {
          "store_path": "/nix/store/49qp9pm1nm6vq4jhcxagary4xfwa7hkb-go-tools-2023.1.7"
        }
      }
    },
    "go@1.21.5": {
      "last_modified": "2024-01-14T03:55:27Z",
      "resolved": "github:NixOS/nixpkgs/dd5621df6dcb90122b50da5ec31c411a0de3e538#go",
      "source": "devbox-search",
      "version": "1.21.5",
      "systems": {
        "aarch64-darwin": {
          "outputs": [
            {
              "name": "out",
              "path": "/nix/store/z6p2j8shdwi74kbm86jwdh03vxq91l0q-go-1.21.5",
              "default": true
            }
          ],
          "store_path": "/nix/store/z6p2j8shdwi74kbm86jwdh03vxq91l0q-go-1.21.5"
        },
        "aarch64-linux": {
          "outputs": [
            {
              "name": "out",
              "path": "/nix/store/1p00q366rk2j7w9lnflrl7xaks7wfq5d-go-1.21.5",
              "default": true
            }
          ],
          "store_path": "/nix/store/1p00q366rk2j7w9lnflrl7xaks7wfq5d-go-1.21.5"
        },
        "x86_64-darwin": {
          "outputs": [
            {
              "name": "out",
              "path": "/nix/store/brv7d6mlrclkzywf1vaf35wqhq4c0c82-go-1.21.5",
              "default": true
            }
          ],
          "store_path": "/nix/store/brv7d6mlrclkzywf1vaf35wqhq4c0c82-go-1.21.5"
        },
        "x86_64-linux": {
          "outputs": [
            {
              "name": "out",
              "path": "/nix/store/rccpgf2bnh58hhh4908p78i1rln9gzvp-go-1.21.5",
              "default": true
            }
          ],
          "store_path": "/nix/store/rccpgf2bnh58hhh4908p78i1rln9gzvp-go-1.21.5"
        }
      }
    },
    "golangci-lint@1.57.2": {
      "last_modified": "2024-04-19T17:36:04-04:00",
      "resolved": "github:NixOS/nixpkgs/92d295f588631b0db2da509f381b4fb1e74173c5#golangci-lint",
      "source": "devbox-search",
      "version": "1.57.2",
      "systems": {
        "aarch64-darwin": {
          "outputs": [
            {
              "name": "out",
              "path": "/nix/store/v65kn6pxwkj281pyx3ns5d7rlp0sp762-golangci-lint-1.57.2",
              "default": true
            }
          ],
          "store_path": "/nix/store/v65kn6pxwkj281pyx3ns5d7rlp0sp762-golangci-lint-1.57.2"
        },
        "aarch64-linux": {
          "outputs": [
            {
              "name": "out",
              "path": "/nix/store/8gn8xyjpw24670wixdy2hrqpy91fjgv5-golangci-lint-1.57.2",
              "default": true
            }
          ],
          "store_path": "/nix/store/8gn8xyjpw24670wixdy2hrqpy91fjgv5-golangci-lint-1.57.2"
        },
        "x86_64-darwin": {
          "outputs": [
            {
              "name": "out",
              "path": "/nix/store/ws2rl2l8p4zjqx0zqwm1r57qqjwbzxly-golangci-lint-1.57.2",
              "default": true
            }
          ],
          "store_path": "/nix/store/ws2rl2l8p4zjqx0zqwm1r57qqjwbzxly-golangci-lint-1.57.2"
        },
        "x86_64-linux": {
          "outputs": [
            {
              "name": "out",
              "path": "/nix/store/n2ng9hhfwvr480wvv45837hqsivaaqdp-golangci-lint-1.57.2",
              "default": true
            }
          ],
          "store_path": "/nix/store/n2ng9hhfwvr480wvv45837hqsivaaqdp-golangci-lint-1.57.2"
        }
      }
    },
    "google-cloud-sdk@latest": {
      "last_modified": "2024-06-06T04:00:50Z",
      "resolved": "github:NixOS/nixpkgs/818dbe2f96df233d2041739d6079bb616d3e5597#google-cloud-sdk",
      "source": "devbox-search",
      "version": "478.0.0",
      "systems": {
        "aarch64-darwin": {
          "outputs": [
            {
              "name": "out",
              "path": "/nix/store/6vw818ni5lym496xy4d18pn2j272c5iv-google-cloud-sdk-478.0.0",
              "default": true
            }
          ],
          "store_path": "/nix/store/6vw818ni5lym496xy4d18pn2j272c5iv-google-cloud-sdk-478.0.0"
        },
        "aarch64-linux": {
          "outputs": [
            {
              "name": "out",
              "path": "/nix/store/y133y7aaq6knvxgq6w5y0ml9y16d7811-google-cloud-sdk-478.0.0",
              "default": true
            }
          ],
          "store_path": "/nix/store/y133y7aaq6knvxgq6w5y0ml9y16d7811-google-cloud-sdk-478.0.0"
        },
        "x86_64-darwin": {
          "outputs": [
            {
              "name": "out",
              "path": "/nix/store/cazzvzlwf34nnmnh2ilb2bc8b5g6jg5q-google-cloud-sdk-478.0.0",
              "default": true
            }
          ],
          "store_path": "/nix/store/cazzvzlwf34nnmnh2ilb2bc8b5g6jg5q-google-cloud-sdk-478.0.0"
        },
        "x86_64-linux": {
          "outputs": [
            {
              "name": "out",
              "path": "/nix/store/l04ghn5n5crhz7bzmkqi4ycs9770vw7j-google-cloud-sdk-478.0.0",
              "default": true
            }
          ],
          "store_path": "/nix/store/l04ghn5n5crhz7bzmkqi4ycs9770vw7j-google-cloud-sdk-478.0.0"
        }
      }
    },
    "gopls@latest": {
      "last_modified": "2024-02-29T18:14:35Z",
      "resolved": "github:NixOS/nixpkgs/b5f6e3881acf8ca8a35b8cdb8d4021e5bd469a4e#gopls",
      "source": "devbox-search",
      "version": "0.15.1",
      "systems": {
        "aarch64-darwin": {
          "store_path": "/nix/store/5rm9fvahy3xgb4q42rhf6dsggp4r442b-gopls-0.15.1"
        },
        "aarch64-linux": {
          "store_path": "/nix/store/8rryibahn2i86zb9846j954r3dasyz7c-gopls-0.15.1"
        },
        "x86_64-darwin": {
          "store_path": "/nix/store/gd5yy3xfjhz4lgf7vw01mzzjp5qb5355-gopls-0.15.1"
        },
        "x86_64-linux": {
          "store_path": "/nix/store/sa9fczlr6rcip8inlb9z6l3hd2hy9gs2-gopls-0.15.1"
        }
      }
    },
    "gum@0.13.0": {
      "last_modified": "2024-04-19T21:36:04Z",
      "resolved": "github:NixOS/nixpkgs/92d295f588631b0db2da509f381b4fb1e74173c5#gum",
      "source": "devbox-search",
      "version": "0.13.0",
      "systems": {
        "aarch64-darwin": {
          "outputs": [
            {
              "name": "out",
              "path": "/nix/store/rv7y82ylid613qkg947a1icajp41jhr1-gum-0.13.0",
              "default": true
            }
          ],
          "store_path": "/nix/store/rv7y82ylid613qkg947a1icajp41jhr1-gum-0.13.0"
        },
        "aarch64-linux": {
          "outputs": [
            {
              "name": "out",
              "path": "/nix/store/mcbsnqvcz9q3j6mnbpwy5brid0zgzll6-gum-0.13.0",
              "default": true
            }
          ],
          "store_path": "/nix/store/mcbsnqvcz9q3j6mnbpwy5brid0zgzll6-gum-0.13.0"
        },
        "x86_64-darwin": {
          "outputs": [
            {
              "name": "out",
              "path": "/nix/store/vf21qsvvsmfs9diw5bk9b32iavp9pdfx-gum-0.13.0",
              "default": true
            }
          ],
          "store_path": "/nix/store/vf21qsvvsmfs9diw5bk9b32iavp9pdfx-gum-0.13.0"
        },
        "x86_64-linux": {
          "outputs": [
            {
              "name": "out",
              "path": "/nix/store/lmc0z0s5zlq5vvyv5y0cxhi727dzvq02-gum-0.13.0",
              "default": true
            }
          ],
          "store_path": "/nix/store/lmc0z0s5zlq5vvyv5y0cxhi727dzvq02-gum-0.13.0"
        }
      }
    },
    "jq@latest": {
      "last_modified": "2024-04-21T11:44:28-04:00",
      "resolved": "github:NixOS/nixpkgs/69ee1d82f1fa4c70a3dc9a64111e7eef3b8e4527#jq",
      "source": "devbox-search",
      "version": "1.7.1",
      "systems": {
        "aarch64-darwin": {
          "outputs": [
            {
              "name": "bin",
              "path": "/nix/store/cpd390lw7hzsbvsq02d3prxjyj987ykg-jq-1.7.1-bin",
              "default": true
            },
            {
              "name": "man",
              "path": "/nix/store/nm26pqk8f9cfdk42x0fzdhccfhijcycd-jq-1.7.1-man",
              "default": true
            },
            {
              "name": "out",
              "path": "/nix/store/2il8xa2rsv55i0a86ivm59pndqfardhc-jq-1.7.1"
            },
            {
              "name": "dev",
              "path": "/nix/store/j1rai51ycjm9y5bayrfii1y0rqldbxxv-jq-1.7.1-dev"
            },
            {
              "name": "doc",
              "path": "/nix/store/a1sscyljd5lx674lh8ab7wjlb0d03x86-jq-1.7.1-doc"
            },
            {
              "name": "lib",
              "path": "/nix/store/05mw0b8ririsykj8fpc1dy9lgnnlp77i-jq-1.7.1-lib"
            }
          ],
          "store_path": "/nix/store/cpd390lw7hzsbvsq02d3prxjyj987ykg-jq-1.7.1-bin"
        },
        "aarch64-linux": {
          "outputs": [
            {
              "name": "bin",
              "path": "/nix/store/www2wsy5azig3si2mcvcbig36npvz8p0-jq-1.7.1-bin",
              "default": true
            },
            {
              "name": "man",
              "path": "/nix/store/f8kd7zxmlciy87xrf1j36q2rymld3a22-jq-1.7.1-man",
              "default": true
            },
            {
              "name": "dev",
              "path": "/nix/store/b8ji00dhcknd1p9afa80ydral59z6dzp-jq-1.7.1-dev"
            },
            {
              "name": "doc",
              "path": "/nix/store/xmam34cnczr17warmz692jd3dyip25aq-jq-1.7.1-doc"
            },
            {
              "name": "lib",
              "path": "/nix/store/88miljr5qkqdzlhm7ib26fws4hkz04s8-jq-1.7.1-lib"
            },
            {
              "name": "out",
              "path": "/nix/store/dkpfzwwl049kk1dwnyjacabjvszjknww-jq-1.7.1"
            }
          ],
          "store_path": "/nix/store/www2wsy5azig3si2mcvcbig36npvz8p0-jq-1.7.1-bin"
        },
        "x86_64-darwin": {
          "outputs": [
            {
              "name": "bin",
              "path": "/nix/store/7v052gsm0fs3n9bcr9hdffspq8fnq872-jq-1.7.1-bin",
              "default": true
            },
            {
              "name": "man",
              "path": "/nix/store/dfsyxb7dqxwp3n1bnrzrvbz6lkmz8wyl-jq-1.7.1-man",
              "default": true
            },
            {
              "name": "dev",
              "path": "/nix/store/p0q6vmks1ql07g9hv1p63mkvbs7331xq-jq-1.7.1-dev"
            },
            {
              "name": "doc",
              "path": "/nix/store/3mj72b0gx9kz2y04pcbnfvv6sk8y4jbi-jq-1.7.1-doc"
            },
            {
              "name": "lib",
              "path": "/nix/store/j5qzf4k1c747ci0fp2wdp9xa1czkb5s5-jq-1.7.1-lib"
            },
            {
              "name": "out",
              "path": "/nix/store/fni2q2wmlr64d70j0dw97zhhzmay1nm3-jq-1.7.1"
            }
          ],
          "store_path": "/nix/store/7v052gsm0fs3n9bcr9hdffspq8fnq872-jq-1.7.1-bin"
        },
        "x86_64-linux": {
          "outputs": [
            {
              "name": "bin",
              "path": "/nix/store/sxmad6bc8j8qgqvcc7278fjsrgm89qkc-jq-1.7.1-bin",
              "default": true
            },
            {
              "name": "man",
              "path": "/nix/store/4d9grvh3ssqdqqzycbiyh535ikbs7rg7-jq-1.7.1-man",
              "default": true
            },
            {
              "name": "dev",
              "path": "/nix/store/82ma9xbiyybcqxmcqxd625hmv4nig19r-jq-1.7.1-dev"
            },
            {
              "name": "doc",
              "path": "/nix/store/q55rnn9jh9h3r6imb07w53dyk8d9sd1l-jq-1.7.1-doc"
            },
            {
              "name": "lib",
              "path": "/nix/store/rg32apprx9b1bidimbpypjcb3j4zp0vy-jq-1.7.1-lib"
            },
            {
              "name": "out",
              "path": "/nix/store/4isj4w52vpavwfd8yj9r78dmyg4zy48y-jq-1.7.1"
            }
          ],
          "store_path": "/nix/store/sxmad6bc8j8qgqvcc7278fjsrgm89qkc-jq-1.7.1-bin"
        }
      }
    },
    "maven@3.8.6": {
      "last_modified": "2023-06-18T07:20:12Z",
      "resolved": "github:NixOS/nixpkgs/4d887ae7666a6ffb79e1767d8fd417daf9e4220f#maven",
      "source": "devbox-search",
      "version": "3.8.6",
      "systems": {
        "aarch64-darwin": {
          "store_path": "/nix/store/hiliyg5gw445k20qk3p7hd1572i6p1fx-apache-maven-3.8.6"
        },
        "aarch64-linux": {
          "store_path": "/nix/store/a703r0bwa5d7m217wdnpq40jk9a7gijc-apache-maven-3.8.6"
        },
        "x86_64-darwin": {
          "store_path": "/nix/store/d784rwc10i3xh4hp17mbvry60jaaxvh4-apache-maven-3.8.6"
        },
        "x86_64-linux": {
          "store_path": "/nix/store/762jpndgbab1b9nwv2g622gf85v120wh-apache-maven-3.8.6"
        }
      }
    },
    "nodePackages.yaml-language-server@latest": {
      "last_modified": "2023-08-30T00:25:28Z",
      "resolved": "github:NixOS/nixpkgs/a63a64b593dcf2fe05f7c5d666eb395950f36bc9#nodePackages.yaml-language-server",
      "source": "devbox-search",
      "version": "1.14.0",
      "systems": {
        "aarch64-darwin": {
          "store_path": "/nix/store/y6fas525j1x0g8kpn8aw9wmvpn685a3q-yaml-language-server-1.14.0"
        },
        "aarch64-linux": {
          "store_path": "/nix/store/nwx1kb9mfmx781jwmrpz10hp30mlgk8j-yaml-language-server-1.14.0"
        },
        "x86_64-darwin": {
          "store_path": "/nix/store/6b2084iqvkpxga9615b5z77rg2xxlb7v-yaml-language-server-1.14.0"
        },
        "x86_64-linux": {
          "store_path": "/nix/store/lninjw78g05qq8d3bwdrax8m11pxawda-yaml-language-server-1.14.0"
        }
      }
    },
    "nodejs@latest": {
      "last_modified": "2024-02-24T23:06:34Z",
      "plugin_version": "0.0.2",
      "resolved": "github:NixOS/nixpkgs/9a9dae8f6319600fa9aebde37f340975cab4b8c0#nodejs_21",
      "source": "devbox-search",
      "version": "21.6.2",
      "systems": {
        "aarch64-darwin": {
          "store_path": "/nix/store/n9xcy53g63rk8vwb2yx5fb7i72rprpd1-nodejs-21.6.2"
        },
        "aarch64-linux": {
          "store_path": "/nix/store/mqvmpikgnk7bxvi977ysd0z81bjpflzj-nodejs-21.6.2"
        },
        "x86_64-darwin": {
          "store_path": "/nix/store/mdwxb1kdajvahhbpq3dhnaf3b01h7yb8-nodejs-21.6.2"
        },
        "x86_64-linux": {
          "store_path": "/nix/store/va3sggfgfb709lm31bzvpjfyapjdy435-nodejs-21.6.2"
        }
      }
    },
    "oha@latest": {
      "last_modified": "2024-05-12T16:19:40Z",
      "resolved": "github:NixOS/nixpkgs/3281bec7174f679eabf584591e75979a258d8c40#oha",
      "source": "devbox-search",
      "version": "1.4.4",
      "systems": {
        "aarch64-darwin": {
          "outputs": [
            {
              "name": "out",
              "path": "/nix/store/ffmzinm475nq5wk4805sl180qmyy5yps-oha-1.4.4",
              "default": true
            }
          ],
          "store_path": "/nix/store/ffmzinm475nq5wk4805sl180qmyy5yps-oha-1.4.4"
        },
        "aarch64-linux": {
          "outputs": [
            {
              "name": "out",
              "path": "/nix/store/6k6hsmq2fiij7hlxv4bn9f8sy9qjjyg2-oha-1.4.4",
              "default": true
            }
          ],
          "store_path": "/nix/store/6k6hsmq2fiij7hlxv4bn9f8sy9qjjyg2-oha-1.4.4"
        },
        "x86_64-darwin": {
          "outputs": [
            {
              "name": "out",
              "path": "/nix/store/8hj0f5yywbxchxl3qha1zwv0aqxpxwri-oha-1.4.4",
              "default": true
            }
          ],
          "store_path": "/nix/store/8hj0f5yywbxchxl3qha1zwv0aqxpxwri-oha-1.4.4"
        },
        "x86_64-linux": {
          "outputs": [
            {
              "name": "out",
              "path": "/nix/store/pqj46rbqw29j4h8hadhm2d2k0xibsqnc-oha-1.4.4",
              "default": true
            }
          ],
          "store_path": "/nix/store/pqj46rbqw29j4h8hadhm2d2k0xibsqnc-oha-1.4.4"
        }
      }
    },
    "pre-commit@latest": {
      "last_modified": "2024-03-17T01:03:25Z",
      "resolved": "github:NixOS/nixpkgs/299d4668ba61600311553920d9fd9c102145b2cb#pre-commit",
      "source": "devbox-search",
      "version": "3.6.2",
      "systems": {
        "aarch64-darwin": {
          "store_path": "/nix/store/nwrn3g5v9bsrnd88v84q4q9japllx0jb-pre-commit-3.6.2"
        },
        "aarch64-linux": {
          "store_path": "/nix/store/61bnh53x2c6laq7vd7ssr23wm85zifs6-pre-commit-3.6.2"
        },
        "x86_64-darwin": {
          "store_path": "/nix/store/dpimv11qs1l3yyzb5nj94p2inpn35yj7-pre-commit-3.6.2"
        },
        "x86_64-linux": {
          "store_path": "/nix/store/1n78gswil3nq9fdrff4rb2li4y45y5w4-pre-commit-3.6.2"
        }
      }
    },
    "python@latest": {
      "last_modified": "2024-04-19T17:36:04-04:00",
      "plugin_version": "0.0.3",
      "resolved": "github:NixOS/nixpkgs/92d295f588631b0db2da509f381b4fb1e74173c5#python312",
      "source": "devbox-search",
      "version": "3.12.3",
      "systems": {
        "aarch64-darwin": {
          "outputs": [
            {
              "name": "out",
              "path": "/nix/store/7bz0d53vngyxzhs6axavfw2dhl9vwlww-python3-3.12.3",
              "default": true
            }
          ],
          "store_path": "/nix/store/7bz0d53vngyxzhs6axavfw2dhl9vwlww-python3-3.12.3"
        },
        "aarch64-linux": {
          "outputs": [
            {
              "name": "out",
              "path": "/nix/store/nw7n1zgfiwxvrlxcn6nkggvxvk6msvl9-python3-3.12.3",
              "default": true
            },
            {
              "name": "debug",
              "path": "/nix/store/arq3230cyyd6lnwrjc2h5dz994ar4410-python3-3.12.3-debug"
            }
          ],
          "store_path": "/nix/store/nw7n1zgfiwxvrlxcn6nkggvxvk6msvl9-python3-3.12.3"
        },
        "x86_64-darwin": {
          "outputs": [
            {
              "name": "out",
              "path": "/nix/store/g8jihlbhc9sv3d2i4lnagyn2mj74mmjf-python3-3.12.3",
              "default": true
            }
          ],
          "store_path": "/nix/store/g8jihlbhc9sv3d2i4lnagyn2mj74mmjf-python3-3.12.3"
        },
        "x86_64-linux": {
          "outputs": [
            {
              "name": "out",
              "path": "/nix/store/m51f0kclg01xdc0mjxqs5cpyaxqbqhg5-python3-3.12.3",
              "default": true
            },
            {
              "name": "debug",
              "path": "/nix/store/f7z0xg5zf1c2b7lc8qjpd0p48lpc7rf1-python3-3.12.3-debug"
            }
          ],
          "store_path": "/nix/store/m51f0kclg01xdc0mjxqs5cpyaxqbqhg5-python3-3.12.3"
        }
      }
    },
    "rubocop@latest": {
      "last_modified": "2024-02-24T23:06:34Z",
      "resolved": "github:NixOS/nixpkgs/9a9dae8f6319600fa9aebde37f340975cab4b8c0#rubocop",
      "source": "devbox-search",
      "version": "1.60.2",
      "systems": {
        "aarch64-darwin": {
          "store_path": "/nix/store/apma16wkjmhdbdxhzrcg0iq302jfams4-ruby3.1-rubocop-1.60.2"
        },
        "aarch64-linux": {
          "store_path": "/nix/store/inl276a41s48gd7n22aqbnv27d4d8vjm-ruby3.1-rubocop-1.60.2"
        },
        "x86_64-darwin": {
          "store_path": "/nix/store/lgcwywmpz7hp9cxpcjjmlbpbfvsr64rz-ruby3.1-rubocop-1.60.2"
        },
        "x86_64-linux": {
          "store_path": "/nix/store/bhi3dzxgvc577y9pzzsxbm07xj7lsd6s-ruby3.1-rubocop-1.60.2"
        }
      }
    },
    "ruby@latest": {
      "last_modified": "2024-05-22T06:18:38Z",
      "resolved": "github:NixOS/nixpkgs/3f316d2a50699a78afe5e77ca486ad553169061e#ruby_3_3",
      "source": "devbox-search",
      "version": "3.3.1",
      "systems": {
        "aarch64-darwin": {
          "outputs": [
            {
              "name": "out",
              "path": "/nix/store/pkp3jxxrv5k2q30d7dlrhi3iavf7yx30-ruby-3.3.1",
              "default": true
            },
            {
              "name": "devdoc",
              "path": "/nix/store/kd1jzkciy029zvr9z93flqvj5jv3p4fg-ruby-3.3.1-devdoc"
            }
          ],
          "store_path": "/nix/store/pkp3jxxrv5k2q30d7dlrhi3iavf7yx30-ruby-3.3.1"
        },
        "aarch64-linux": {
          "outputs": [
            {
              "name": "out",
              "path": "/nix/store/nz9ad6vkijjqb4a472d9wdsnr2v8zpzk-ruby-3.3.1",
              "default": true
            },
            {
              "name": "devdoc",
              "path": "/nix/store/fdg456ic2642jzhrc2xx77930xw2zml0-ruby-3.3.1-devdoc"
            }
          ],
          "store_path": "/nix/store/nz9ad6vkijjqb4a472d9wdsnr2v8zpzk-ruby-3.3.1"
        },
        "x86_64-darwin": {
          "outputs": [
            {
              "name": "out",
              "path": "/nix/store/52f08h8gxjd0i0kf321ka6iyyfv17cyw-ruby-3.3.1",
              "default": true
            },
            {
              "name": "devdoc",
              "path": "/nix/store/bj3s7wngp91256scm3x6x7jivncgynrx-ruby-3.3.1-devdoc"
            }
          ],
          "store_path": "/nix/store/52f08h8gxjd0i0kf321ka6iyyfv17cyw-ruby-3.3.1"
        },
        "x86_64-linux": {
          "outputs": [
            {
              "name": "out",
              "path": "/nix/store/nwbbnrwrzhk552p11lcxkxjfxi7z69sx-ruby-3.3.1",
              "default": true
            },
            {
              "name": "devdoc",
              "path": "/nix/store/iqrnl5h2rfczsrkiqpskg9m86r5l51gl-ruby-3.3.1-devdoc"
            }
          ],
          "store_path": "/nix/store/nwbbnrwrzhk552p11lcxkxjfxi7z69sx-ruby-3.3.1"
        }
      }
    },
    "rubyPackages.solargraph@latest": {
      "last_modified": "2024-02-24T23:06:34Z",
      "resolved": "github:NixOS/nixpkgs/9a9dae8f6319600fa9aebde37f340975cab4b8c0#rubyPackages.solargraph",
      "source": "devbox-search",
      "version": "0.50.0",
      "systems": {
        "aarch64-darwin": {
          "store_path": "/nix/store/b5ij391a832x87fphs2m2176bfjnndrv-ruby3.1-solargraph-0.50.0"
        },
        "aarch64-linux": {
          "store_path": "/nix/store/lw1b56xzrzwpzdwdl4w4qvc0mlcxc4i4-ruby3.1-solargraph-0.50.0"
        },
        "x86_64-darwin": {
          "store_path": "/nix/store/djw25l2sj8abrxy1fh9qc9jcj2cwn0mk-ruby3.1-solargraph-0.50.0"
        },
        "x86_64-linux": {
          "store_path": "/nix/store/5ck319amxz2ab48j5gyxgnn6dhsx1f6d-ruby3.1-solargraph-0.50.0"
        }
      }
    },
    "shellcheck@0.10.0": {
      "last_modified": "2024-04-19T17:36:04-04:00",
      "resolved": "github:NixOS/nixpkgs/92d295f588631b0db2da509f381b4fb1e74173c5#shellcheck",
      "source": "devbox-search",
      "version": "0.10.0",
      "systems": {
        "aarch64-darwin": {
          "outputs": [
            {
              "name": "bin",
              "path": "/nix/store/49ncfws5qrd7rkgwz6dv2gvmqv0rsrrw-shellcheck-0.10.0-bin",
              "default": true
            },
            {
              "name": "man",
              "path": "/nix/store/s6j4yx6qbnln5nxmljx0qy8jf59adz5p-shellcheck-0.10.0-man",
              "default": true
            },
            {
              "name": "doc",
              "path": "/nix/store/2dfy2v96fv9542s4m7z7yxinwil9ngyp-shellcheck-0.10.0-doc",
              "default": true
            },
            {
              "name": "out",
              "path": "/nix/store/q2jz8khcx1a3kfmb77yspp85vlb973iz-shellcheck-0.10.0"
            }
          ],
          "store_path": "/nix/store/49ncfws5qrd7rkgwz6dv2gvmqv0rsrrw-shellcheck-0.10.0-bin"
        },
        "aarch64-linux": {
          "outputs": [
            {
              "name": "bin",
              "path": "/nix/store/q1hs93pxrpr388r8b4bj7rpqvd2daq1c-shellcheck-0.10.0-bin",
              "default": true
            },
            {
              "name": "man",
              "path": "/nix/store/6hz9inqbkawax0lcdig54sx2fh9ygq1k-shellcheck-0.10.0-man",
              "default": true
            },
            {
              "name": "doc",
              "path": "/nix/store/6iv0bbwzc4c4p364474j37acbcj85ncg-shellcheck-0.10.0-doc",
              "default": true
            },
            {
              "name": "out",
              "path": "/nix/store/2xlv5aw7b8zj5sn20bn0r7j5xbpq3lqj-shellcheck-0.10.0"
            }
          ],
          "store_path": "/nix/store/q1hs93pxrpr388r8b4bj7rpqvd2daq1c-shellcheck-0.10.0-bin"
        },
        "x86_64-darwin": {
          "outputs": [
            {
              "name": "bin",
              "path": "/nix/store/jnsl9dzp3smhbkzxjj42spmlbkixzh8k-shellcheck-0.10.0-bin",
              "default": true
            },
            {
              "name": "man",
              "path": "/nix/store/yv9i4zbnsbc3f9552718lsxifvz44xzp-shellcheck-0.10.0-man",
              "default": true
            },
            {
              "name": "doc",
              "path": "/nix/store/vdggbwa31i0vv021ik69mczg21mf5160-shellcheck-0.10.0-doc",
              "default": true
            },
            {
              "name": "out",
              "path": "/nix/store/qdfv3dw1rr5hxygz3h2h17zilkd7fd34-shellcheck-0.10.0"
            }
          ],
          "store_path": "/nix/store/jnsl9dzp3smhbkzxjj42spmlbkixzh8k-shellcheck-0.10.0-bin"
        },
        "x86_64-linux": {
          "outputs": [
            {
              "name": "bin",
              "path": "/nix/store/f321hrckks8jq89ipz48jmzdp7d0pj7r-shellcheck-0.10.0-bin",
              "default": true
            },
            {
              "name": "man",
              "path": "/nix/store/nc6ym17bdcnv8xm5qixywrlnvyj62qjf-shellcheck-0.10.0-man",
              "default": true
            },
            {
              "name": "doc",
              "path": "/nix/store/0csxlgjfdjadv9i1cz5bjmq8mhqyxlkj-shellcheck-0.10.0-doc",
              "default": true
            },
            {
              "name": "out",
              "path": "/nix/store/64zid87pr32msyp2i91zf7p08qj5v0bp-shellcheck-0.10.0"
            }
          ],
          "store_path": "/nix/store/f321hrckks8jq89ipz48jmzdp7d0pj7r-shellcheck-0.10.0-bin"
        }
      }
    },
    "swagger-cli@latest": {
      "last_modified": "2024-02-24T23:06:34Z",
      "resolved": "github:NixOS/nixpkgs/9a9dae8f6319600fa9aebde37f340975cab4b8c0#swagger-cli",
      "source": "devbox-search",
      "version": "4.0.4",
      "systems": {
        "aarch64-darwin": {
          "store_path": "/nix/store/sq8vajgd81q526ax8j52m1mg8r7q9wwi-swagger-cli-4.0.4"
        },
        "aarch64-linux": {
          "store_path": "/nix/store/aa8i6vbiqjmc711f0qhbiiiz356j7r5x-swagger-cli-4.0.4"
        },
        "x86_64-darwin": {
          "store_path": "/nix/store/r2kfmh0f7dzfc460v9nafvpbs792whbh-swagger-cli-4.0.4"
        },
        "x86_64-linux": {
          "store_path": "/nix/store/r8rrihaysmidw6wam6c85f9sjfv2jq3h-swagger-cli-4.0.4"
        }
      }
    },
    "temurin-bin-17@latest": {
      "last_modified": "2024-05-22T06:18:38Z",
      "resolved": "github:NixOS/nixpkgs/3f316d2a50699a78afe5e77ca486ad553169061e#temurin-bin-17",
      "source": "devbox-search",
      "version": "17.0.9",
      "systems": {
        "aarch64-darwin": {
          "outputs": [
            {
              "name": "out",
              "path": "/nix/store/191lc0lvhk6d34yn5l35s0bphd3bsf7n-temurin-bin-17.0.9",
              "default": true
            }
          ],
          "store_path": "/nix/store/191lc0lvhk6d34yn5l35s0bphd3bsf7n-temurin-bin-17.0.9"
        },
        "aarch64-linux": {
          "outputs": [
            {
              "name": "out",
              "path": "/nix/store/jma4l7yf333ym1bqplmbbc6vwhif2p5v-temurin-bin-17.0.9",
              "default": true
            }
          ],
          "store_path": "/nix/store/jma4l7yf333ym1bqplmbbc6vwhif2p5v-temurin-bin-17.0.9"
        },
        "x86_64-darwin": {
          "outputs": [
            {
              "name": "out",
              "path": "/nix/store/96ijp2sqyx9bm1sra9f6qdrfw4gg94qx-temurin-bin-17.0.9",
              "default": true
            }
          ],
          "store_path": "/nix/store/96ijp2sqyx9bm1sra9f6qdrfw4gg94qx-temurin-bin-17.0.9"
        },
        "x86_64-linux": {
          "outputs": [
            {
              "name": "out",
              "path": "/nix/store/aksnf2r8nlpplmgaxy3bbcw0cxfph6n7-temurin-bin-17.0.9",
              "default": true
            }
          ],
          "store_path": "/nix/store/aksnf2r8nlpplmgaxy3bbcw0cxfph6n7-temurin-bin-17.0.9"
        }
      }
    },
    "which@latest": {
      "last_modified": "2024-04-19T17:36:04-04:00",
      "resolved": "github:NixOS/nixpkgs/92d295f588631b0db2da509f381b4fb1e74173c5#which",
      "source": "devbox-search",
      "version": "2.21",
      "systems": {
        "aarch64-darwin": {
          "outputs": [
            {
              "name": "out",
              "path": "/nix/store/6fdwardrg3jpmipgysb98vmgs43vkvl3-which-2.21",
              "default": true
            }
          ],
          "store_path": "/nix/store/6fdwardrg3jpmipgysb98vmgs43vkvl3-which-2.21"
        },
        "aarch64-linux": {
          "outputs": [
            {
              "name": "out",
              "path": "/nix/store/8wy729ckp0xf1mk4i4qd7wzlgc0w01vs-which-2.21",
              "default": true
            }
          ],
          "store_path": "/nix/store/8wy729ckp0xf1mk4i4qd7wzlgc0w01vs-which-2.21"
        },
        "x86_64-darwin": {
          "outputs": [
            {
              "name": "out",
              "path": "/nix/store/57y8a1gq7yxcf7cmnj04z9rhhqf9q5pg-which-2.21",
              "default": true
            }
          ],
          "store_path": "/nix/store/57y8a1gq7yxcf7cmnj04z9rhhqf9q5pg-which-2.21"
        },
        "x86_64-linux": {
          "outputs": [
            {
              "name": "out",
              "path": "/nix/store/6mz4dj8c5g2z9mpca6l3qf3bjj41vxcz-which-2.21",
              "default": true
            }
          ],
          "store_path": "/nix/store/6mz4dj8c5g2z9mpca6l3qf3bjj41vxcz-which-2.21"
        }
      }
    },
    "yq-go@4.43.1": {
      "last_modified": "2024-04-19T17:36:04-04:00",
      "resolved": "github:NixOS/nixpkgs/92d295f588631b0db2da509f381b4fb1e74173c5#yq-go",
      "source": "devbox-search",
      "version": "4.43.1",
      "systems": {
        "aarch64-darwin": {
          "outputs": [
            {
              "name": "out",
              "path": "/nix/store/rfiv0y75hj8730n1a6drnjhkk7vhdl9j-yq-go-4.43.1",
              "default": true
            }
          ],
          "store_path": "/nix/store/rfiv0y75hj8730n1a6drnjhkk7vhdl9j-yq-go-4.43.1"
        },
        "aarch64-linux": {
          "outputs": [
            {
              "name": "out",
              "path": "/nix/store/jni4dcywxfmwabxqmadp6lha4bn2sv2a-yq-go-4.43.1",
              "default": true
            }
          ],
          "store_path": "/nix/store/jni4dcywxfmwabxqmadp6lha4bn2sv2a-yq-go-4.43.1"
        },
        "x86_64-darwin": {
          "outputs": [
            {
              "name": "out",
              "path": "/nix/store/kd7h15ml6ypamdm65vdw1961zmcrqswk-yq-go-4.43.1",
              "default": true
            }
          ],
          "store_path": "/nix/store/kd7h15ml6ypamdm65vdw1961zmcrqswk-yq-go-4.43.1"
        },
        "x86_64-linux": {
          "outputs": [
            {
              "name": "out",
              "path": "/nix/store/3im0h6slqakpx47p6y87var90hsvxqsy-yq-go-4.43.1",
              "default": true
            }
          ],
          "store_path": "/nix/store/3im0h6slqakpx47p6y87var90hsvxqsy-yq-go-4.43.1"
        }
      }
    }
  }
}
