{
  "nodes": {
    "nixpkgs": {
      "locked": {
        "lastModified": 1736883708,
        "narHash": "sha256-uQ+NQ0/xYU0N1CnXsa2zghgNaOPxWpMJXSUJJ9W7140=",
        "owner": "NixOS",
        "repo": "nixpkgs",
        "rev": "eb62e6aa39ea67e0b8018ba8ea077efe65807dc8",
        "type": "github"
      },
      "original": {
        "owner": "NixOS",
        "ref": "nixos-unstable",
        "repo": "nixpkgs",
        "type": "github"
      }
    },
    "nixpkgs-bosh-cli-v7-3-1": {
      "locked": {
        "lastModified": 1689621684,
        "narHash": "sha256-a7nGZZezo5s3STRCHl5e73eNTmU/Zg/QcrtzyrfZ5Qg=",
        "owner": "NixOS",
        "repo": "nixpkgs",
        "rev": "1179c6c3705509ba25bd35196fca507d2a227bd0",
        "type": "github"
      },
      "original": {
        "owner": "NixOS",
        "repo": "nixpkgs",
        "rev": "1179c6c3705509ba25bd35196fca507d2a227bd0",
        "type": "github"
      }
    },
    "root": {
      "inputs": {
        "nixpkgs": "nixpkgs",
        "nixpkgs-bosh-cli-v7-3-1": "nixpkgs-bosh-cli-v7-3-1"
      }
    }
  },
  "root": "root",
  "version": 7
}
