{
  "nodes": {
    "local-flake": {
      "inputs": {
        "nixpkgs": "nixpkgs"
      },
      "locked": {
        "lastModified": 1,
        "narHash": "sha256-ZmNHp5kO8fEuq3BWOnLr6FDZRLxY8v6QkqtpDQiFG2Y=",
        "path": "./local-flake",
        "type": "path"
      },
      "original": {
        "path": "./local-flake",
        "type": "path"
      }
    },
    "nixpkgs": {
      "locked": {
        "lastModified": 1710272261,
        "narHash": "sha256-g0bDwXFmTE7uGDOs9HcJsfLFhH7fOsASbAuOzDC+fhQ=",
        "owner": "NixOS",
        "repo": "nixpkgs",
        "rev": "0ad13a6833440b8e238947e47bea7f11071dc2b2",
        "type": "github"
      },
      "original": {
        "owner": "NixOS",
        "ref": "nixos-unstable",
        "repo": "nixpkgs",
        "type": "github"
      }
    },
    "nixpkgs-bosh-cli-v7-3-1": {
      "locked": {
        "lastModified": 1689621684,
        "narHash": "sha256-a7nGZZezo5s3STRCHl5e73eNTmU/Zg/QcrtzyrfZ5Qg=",
        "owner": "NixOS",
        "repo": "nixpkgs",
        "rev": "1179c6c3705509ba25bd35196fca507d2a227bd0",
        "type": "github"
      },
      "original": {
        "owner": "NixOS",
        "repo": "nixpkgs",
        "rev": "1179c6c3705509ba25bd35196fca507d2a227bd0",
        "type": "github"
      }
    },
    "nixpkgs_2": {
      "locked": {
        "lastModified": 1699099776,
        "narHash": "sha256-X09iKJ27mGsGambGfkKzqvw5esP1L/Rf8H3u3fCqIiU=",
        "owner": "NixOS",
        "repo": "nixpkgs",
        "rev": "85f1ba3e51676fa8cc604a3d863d729026a6b8eb",
        "type": "github"
      },
      "original": {
        "owner": "NixOS",
        "ref": "nixos-unstable",
        "repo": "nixpkgs",
        "type": "github"
      }
    },
    "root": {
      "inputs": {
        "local-flake": "local-flake",
        "nixpkgs": "nixpkgs_2",
        "nixpkgs-bosh-cli-v7-3-1": "nixpkgs-bosh-cli-v7-3-1"
      }
    }
  },
  "root": "root",
  "version": 7
}
